
Microsoft Visual Studio Solution File, Format Version 12.00
# Visual Studio Version 17
VisualStudioVersion = 17.7.34202.233
MinimumVisualStudioVersion = 10.0.40219.1
Project("{FAE04EC0-301F-11D3-BF4B-00C04F79EFBC}") = "Notes", "Notes\Notes.csproj", "{DE0B24BD-0B21-4C8A-8E99-0E8B677C16FA}"
EndProject
Global
	GlobalSection(SolutionConfigurationPlatforms) = preSolution
		Debug|Any CPU = Debug|Any CPU
		Release|Any CPU = Release|Any CPU
	EndGlobalSection
	GlobalSection(ProjectConfigurationPlatforms) = postSolution
		{DE0B24BD-0B21-4C8A-8E99-0E8B677C16FA}.Debug|Any CPU.ActiveCfg = Debug|Any CPU
		{DE0B24BD-0B21-4C8A-8E99-0E8B677C16FA}.Debug|Any CPU.Build.0 = Debug|Any CPU
		{DE0B24BD-0B21-4C8A-8E99-0E8B677C16FA}.Debug|Any CPU.Deploy.0 = Debug|Any CPU
		{DE0B24BD-0B21-4C8A-8E99-0E8B677C16FA}.Release|Any CPU.ActiveCfg = Release|Any CPU
		{DE0B24BD-0B21-4C8A-8E99-0E8B677C16FA}.Release|Any CPU.Build.0 = Release|Any CPU
		{DE0B24BD-0B21-4C8A-8E99-0E8B677C16FA}.Release|Any CPU.Deploy.0 = Release|Any CPU
	EndGlobalSection
	GlobalSection(SolutionProperties) = preSolution
		HideSolutionNode = FALSE
	EndGlobalSection
	GlobalSection(ExtensibilityGlobals) = postSolution
		SolutionGuid = {0A188FDC-5FA7-4E48-8F17-BE90EAD04664}
	EndGlobalSection
EndGlobal
